
Microsoft Visual Studio Solution File, Format Version 12.00
# Visual Studio Version 17
VisualStudioVersion = 17.11.35208.52
MinimumVisualStudioVersion = 10.0.40219.1
Project("{FAE04EC0-301F-11D3-BF4B-00C04F79EFBC}") = "backend", "backend\backend.csproj", "{B548AC25-E405-44D4-8C80-E6A8D30503A6}"
EndProject
Project("{FAE04EC0-301F-11D3-BF4B-00C04F79EFBC}") = "DataAccess", "DataAccess\DataAccess.csproj", "{1529B0A6-954B-49C5-A169-75E7391E742A}"
EndProject
Global
	GlobalSection(SolutionConfigurationPlatforms) = preSolution
		Debug|Any CPU = Debug|Any CPU
		Release|Any CPU = Release|Any CPU
	EndGlobalSection
	GlobalSection(ProjectConfigurationPlatforms) = postSolution
		{B548AC25-E405-44D4-8C80-E6A8D30503A6}.Debug|Any CPU.ActiveCfg = Debug|Any CPU
		{B548AC25-E405-44D4-8C80-E6A8D30503A6}.Debug|Any CPU.Build.0 = Debug|Any CPU
		{B548AC25-E405-44D4-8C80-E6A8D30503A6}.Release|Any CPU.ActiveCfg = Release|Any CPU
		{B548AC25-E405-44D4-8C80-E6A8D30503A6}.Release|Any CPU.Build.0 = Release|Any CPU
		{1529B0A6-954B-49C5-A169-75E7391E742A}.Debug|Any CPU.ActiveCfg = Debug|Any CPU
		{1529B0A6-954B-49C5-A169-75E7391E742A}.Debug|Any CPU.Build.0 = Debug|Any CPU
		{1529B0A6-954B-49C5-A169-75E7391E742A}.Release|Any CPU.ActiveCfg = Release|Any CPU
		{1529B0A6-954B-49C5-A169-75E7391E742A}.Release|Any CPU.Build.0 = Release|Any CPU
	EndGlobalSection
	GlobalSection(SolutionProperties) = preSolution
		HideSolutionNode = FALSE
	EndGlobalSection
	GlobalSection(ExtensibilityGlobals) = postSolution
		SolutionGuid = {5BB41E7E-94D1-4C8B-B3DC-55F52C6377C2}
	EndGlobalSection
EndGlobal
